
Microsoft Visual Studio Solution File, Format Version 12.00
# Visual Studio Version 16
VisualStudioVersion = 16.0.29418.71
MinimumVisualStudioVersion = 10.0.40219.1
Project("{FAE04EC0-301F-11D3-BF4B-00C04F79EFBC}") = "TareasDS.UWP", "TareasDS\TareasDS.UWP\TareasDS.UWP.csproj", "{62BEA08A-0354-49BF-A445-F7554117F7DB}"
EndProject
Project("{FAE04EC0-301F-11D3-BF4B-00C04F79EFBC}") = "TareasDS.Android", "TareasDS\TareasDS.Android\TareasDS.Android.csproj", "{11D89A0A-585B-4CF9-94EE-81F33D122FDC}"
EndProject
Project("{FAE04EC0-301F-11D3-BF4B-00C04F79EFBC}") = "TareasDS.iOS", "TareasDS\TareasDS.iOS\TareasDS.iOS.csproj", "{AC0910C4-0E00-4B76-9863-3091CF411DFA}"
EndProject
Project("{FAE04EC0-301F-11D3-BF4B-00C04F79EFBC}") = "TareasDS", "TareasDS\TareasDS\TareasDS.csproj", "{58E6D440-156C-4AA3-9DC4-A06A9732ACCE}"
EndProject
Global
	GlobalSection(SolutionConfigurationPlatforms) = preSolution
		Debug|Any CPU = Debug|Any CPU
		Debug|ARM = Debug|ARM
		Debug|iPhone = Debug|iPhone
		Debug|iPhoneSimulator = Debug|iPhoneSimulator
		Debug|x64 = Debug|x64
		Debug|x86 = Debug|x86
		Release|Any CPU = Release|Any CPU
		Release|ARM = Release|ARM
		Release|iPhone = Release|iPhone
		Release|iPhoneSimulator = Release|iPhoneSimulator
		Release|x64 = Release|x64
		Release|x86 = Release|x86
	EndGlobalSection
	GlobalSection(ProjectConfigurationPlatforms) = postSolution
		{62BEA08A-0354-49BF-A445-F7554117F7DB}.Debug|Any CPU.ActiveCfg = Debug|x86
		{62BEA08A-0354-49BF-A445-F7554117F7DB}.Debug|Any CPU.Build.0 = Debug|x86
		{62BEA08A-0354-49BF-A445-F7554117F7DB}.Debug|Any CPU.Deploy.0 = Debug|x86
		{62BEA08A-0354-49BF-A445-F7554117F7DB}.Debug|ARM.ActiveCfg = Debug|ARM
		{62BEA08A-0354-49BF-A445-F7554117F7DB}.Debug|ARM.Build.0 = Debug|ARM
		{62BEA08A-0354-49BF-A445-F7554117F7DB}.Debug|ARM.Deploy.0 = Debug|ARM
		{62BEA08A-0354-49BF-A445-F7554117F7DB}.Debug|iPhone.ActiveCfg = Debug|x86
		{62BEA08A-0354-49BF-A445-F7554117F7DB}.Debug|iPhone.Build.0 = Debug|x86
		{62BEA08A-0354-49BF-A445-F7554117F7DB}.Debug|iPhone.Deploy.0 = Debug|x86
		{62BEA08A-0354-49BF-A445-F7554117F7DB}.Debug|iPhoneSimulator.ActiveCfg = Debug|x86
		{62BEA08A-0354-49BF-A445-F7554117F7DB}.Debug|iPhoneSimulator.Build.0 = Debug|x86
		{62BEA08A-0354-49BF-A445-F7554117F7DB}.Debug|iPhoneSimulator.Deploy.0 = Debug|x86
		{62BEA08A-0354-49BF-A445-F7554117F7DB}.Debug|x64.ActiveCfg = Debug|x64
		{62BEA08A-0354-49BF-A445-F7554117F7DB}.Debug|x64.Build.0 = Debug|x64
		{62BEA08A-0354-49BF-A445-F7554117F7DB}.Debug|x64.Deploy.0 = Debug|x64
		{62BEA08A-0354-49BF-A445-F7554117F7DB}.Debug|x86.ActiveCfg = Debug|x86
		{62BEA08A-0354-49BF-A445-F7554117F7DB}.Debug|x86.Build.0 = Debug|x86
		{62BEA08A-0354-49BF-A445-F7554117F7DB}.Debug|x86.Deploy.0 = Debug|x86
		{62BEA08A-0354-49BF-A445-F7554117F7DB}.Release|Any CPU.ActiveCfg = Release|x86
		{62BEA08A-0354-49BF-A445-F7554117F7DB}.Release|Any CPU.Build.0 = Release|x86
		{62BEA08A-0354-49BF-A445-F7554117F7DB}.Release|Any CPU.Deploy.0 = Release|x86
		{62BEA08A-0354-49BF-A445-F7554117F7DB}.Release|ARM.ActiveCfg = Release|ARM
		{62BEA08A-0354-49BF-A445-F7554117F7DB}.Release|ARM.Build.0 = Release|ARM
		{62BEA08A-0354-49BF-A445-F7554117F7DB}.Release|ARM.Deploy.0 = Release|ARM
		{62BEA08A-0354-49BF-A445-F7554117F7DB}.Release|iPhone.ActiveCfg = Release|x86
		{62BEA08A-0354-49BF-A445-F7554117F7DB}.Release|iPhone.Build.0 = Release|x86
		{62BEA08A-0354-49BF-A445-F7554117F7DB}.Release|iPhone.Deploy.0 = Release|x86
		{62BEA08A-0354-49BF-A445-F7554117F7DB}.Release|iPhoneSimulator.ActiveCfg = Release|x86
		{62BEA08A-0354-49BF-A445-F7554117F7DB}.Release|iPhoneSimulator.Build.0 = Release|x86
		{62BEA08A-0354-49BF-A445-F7554117F7DB}.Release|iPhoneSimulator.Deploy.0 = Release|x86
		{62BEA08A-0354-49BF-A445-F7554117F7DB}.Release|x64.ActiveCfg = Release|x64
		{62BEA08A-0354-49BF-A445-F7554117F7DB}.Release|x64.Build.0 = Release|x64
		{62BEA08A-0354-49BF-A445-F7554117F7DB}.Release|x64.Deploy.0 = Release|x64
		{62BEA08A-0354-49BF-A445-F7554117F7DB}.Release|x86.ActiveCfg = Release|x86
		{62BEA08A-0354-49BF-A445-F7554117F7DB}.Release|x86.Build.0 = Release|x86
		{62BEA08A-0354-49BF-A445-F7554117F7DB}.Release|x86.Deploy.0 = Release|x86
		{11D89A0A-585B-4CF9-94EE-81F33D122FDC}.Debug|Any CPU.ActiveCfg = Debug|Any CPU
		{11D89A0A-585B-4CF9-94EE-81F33D122FDC}.Debug|Any CPU.Build.0 = Debug|Any CPU
		{11D89A0A-585B-4CF9-94EE-81F33D122FDC}.Debug|Any CPU.Deploy.0 = Debug|Any CPU
		{11D89A0A-585B-4CF9-94EE-81F33D122FDC}.Debug|ARM.ActiveCfg = Debug|Any CPU
		{11D89A0A-585B-4CF9-94EE-81F33D122FDC}.Debug|ARM.Build.0 = Debug|Any CPU
		{11D89A0A-585B-4CF9-94EE-81F33D122FDC}.Debug|ARM.Deploy.0 = Debug|Any CPU
		{11D89A0A-585B-4CF9-94EE-81F33D122FDC}.Debug|iPhone.ActiveCfg = Debug|Any CPU
		{11D89A0A-585B-4CF9-94EE-81F33D122FDC}.Debug|iPhone.Build.0 = Debug|Any CPU
		{11D89A0A-585B-4CF9-94EE-81F33D122FDC}.Debug|iPhone.Deploy.0 = Debug|Any CPU
		{11D89A0A-585B-4CF9-94EE-81F33D122FDC}.Debug|iPhoneSimulator.ActiveCfg = Debug|Any CPU
		{11D89A0A-585B-4CF9-94EE-81F33D122FDC}.Debug|iPhoneSimulator.Build.0 = Debug|Any CPU
		{11D89A0A-585B-4CF9-94EE-81F33D122FDC}.Debug|iPhoneSimulator.Deploy.0 = Debug|Any CPU
		{11D89A0A-585B-4CF9-94EE-81F33D122FDC}.Debug|x64.ActiveCfg = Debug|Any CPU
		{11D89A0A-585B-4CF9-94EE-81F33D122FDC}.Debug|x64.Build.0 = Debug|Any CPU
		{11D89A0A-585B-4CF9-94EE-81F33D122FDC}.Debug|x64.Deploy.0 = Debug|Any CPU
		{11D89A0A-585B-4CF9-94EE-81F33D122FDC}.Debug|x86.ActiveCfg = Debug|Any CPU
		{11D89A0A-585B-4CF9-94EE-81F33D122FDC}.Debug|x86.Build.0 = Debug|Any CPU
		{11D89A0A-585B-4CF9-94EE-81F33D122FDC}.Debug|x86.Deploy.0 = Debug|Any CPU
		{11D89A0A-585B-4CF9-94EE-81F33D122FDC}.Release|Any CPU.ActiveCfg = Release|Any CPU
		{11D89A0A-585B-4CF9-94EE-81F33D122FDC}.Release|Any CPU.Build.0 = Release|Any CPU
		{11D89A0A-585B-4CF9-94EE-81F33D122FDC}.Release|Any CPU.Deploy.0 = Release|Any CPU
		{11D89A0A-585B-4CF9-94EE-81F33D122FDC}.Release|ARM.ActiveCfg = Release|Any CPU
		{11D89A0A-585B-4CF9-94EE-81F33D122FDC}.Release|ARM.Build.0 = Release|Any CPU
		{11D89A0A-585B-4CF9-94EE-81F33D122FDC}.Release|ARM.Deploy.0 = Release|Any CPU
		{11D89A0A-585B-4CF9-94EE-81F33D122FDC}.Release|iPhone.ActiveCfg = Release|Any CPU
		{11D89A0A-585B-4CF9-94EE-81F33D122FDC}.Release|iPhone.Build.0 = Release|Any CPU
		{11D89A0A-585B-4CF9-94EE-81F33D122FDC}.Release|iPhone.Deploy.0 = Release|Any CPU
		{11D89A0A-585B-4CF9-94EE-81F33D122FDC}.Release|iPhoneSimulator.ActiveCfg = Release|Any CPU
		{11D89A0A-585B-4CF9-94EE-81F33D122FDC}.Release|iPhoneSimulator.Build.0 = Release|Any CPU
		{11D89A0A-585B-4CF9-94EE-81F33D122FDC}.Release|iPhoneSimulator.Deploy.0 = Release|Any CPU
		{11D89A0A-585B-4CF9-94EE-81F33D122FDC}.Release|x64.ActiveCfg = Release|Any CPU
		{11D89A0A-585B-4CF9-94EE-81F33D122FDC}.Release|x64.Build.0 = Release|Any CPU
		{11D89A0A-585B-4CF9-94EE-81F33D122FDC}.Release|x64.Deploy.0 = Release|Any CPU
		{11D89A0A-585B-4CF9-94EE-81F33D122FDC}.Release|x86.ActiveCfg = Release|Any CPU
		{11D89A0A-585B-4CF9-94EE-81F33D122FDC}.Release|x86.Build.0 = Release|Any CPU
		{11D89A0A-585B-4CF9-94EE-81F33D122FDC}.Release|x86.Deploy.0 = Release|Any CPU
		{AC0910C4-0E00-4B76-9863-3091CF411DFA}.Debug|Any CPU.ActiveCfg = Debug|iPhone
		{AC0910C4-0E00-4B76-9863-3091CF411DFA}.Debug|Any CPU.Build.0 = Debug|iPhone
		{AC0910C4-0E00-4B76-9863-3091CF411DFA}.Debug|Any CPU.Deploy.0 = Debug|iPhone
		{AC0910C4-0E00-4B76-9863-3091CF411DFA}.Debug|ARM.ActiveCfg = Debug|iPhoneSimulator
		{AC0910C4-0E00-4B76-9863-3091CF411DFA}.Debug|ARM.Build.0 = Debug|iPhoneSimulator
		{AC0910C4-0E00-4B76-9863-3091CF411DFA}.Debug|ARM.Deploy.0 = Debug|iPhoneSimulator
		{AC0910C4-0E00-4B76-9863-3091CF411DFA}.Debug|iPhone.ActiveCfg = Debug|iPhone
		{AC0910C4-0E00-4B76-9863-3091CF411DFA}.Debug|iPhone.Build.0 = Debug|iPhone
		{AC0910C4-0E00-4B76-9863-3091CF411DFA}.Debug|iPhone.Deploy.0 = Debug|iPhone
		{AC0910C4-0E00-4B76-9863-3091CF411DFA}.Debug|iPhoneSimulator.ActiveCfg = Debug|iPhoneSimulator
		{AC0910C4-0E00-4B76-9863-3091CF411DFA}.Debug|iPhoneSimulator.Build.0 = Debug|iPhoneSimulator
		{AC0910C4-0E00-4B76-9863-3091CF411DFA}.Debug|iPhoneSimulator.Deploy.0 = Debug|iPhoneSimulator
		{AC0910C4-0E00-4B76-9863-3091CF411DFA}.Debug|x64.ActiveCfg = Debug|iPhone
		{AC0910C4-0E00-4B76-9863-3091CF411DFA}.Debug|x64.Build.0 = Debug|iPhone
		{AC0910C4-0E00-4B76-9863-3091CF411DFA}.Debug|x64.Deploy.0 = Debug|iPhone
		{AC0910C4-0E00-4B76-9863-3091CF411DFA}.Debug|x86.ActiveCfg = Debug|iPhone
		{AC0910C4-0E00-4B76-9863-3091CF411DFA}.Debug|x86.Build.0 = Debug|iPhone
		{AC0910C4-0E00-4B76-9863-3091CF411DFA}.Debug|x86.Deploy.0 = Debug|iPhone
		{AC0910C4-0E00-4B76-9863-3091CF411DFA}.Release|Any CPU.ActiveCfg = Release|iPhone
		{AC0910C4-0E00-4B76-9863-3091CF411DFA}.Release|Any CPU.Build.0 = Release|iPhone
		{AC0910C4-0E00-4B76-9863-3091CF411DFA}.Release|Any CPU.Deploy.0 = Release|iPhone
		{AC0910C4-0E00-4B76-9863-3091CF411DFA}.Release|ARM.ActiveCfg = Release|iPhone
		{AC0910C4-0E00-4B76-9863-3091CF411DFA}.Release|ARM.Build.0 = Release|iPhone
		{AC0910C4-0E00-4B76-9863-3091CF411DFA}.Release|ARM.Deploy.0 = Release|iPhone
		{AC0910C4-0E00-4B76-9863-3091CF411DFA}.Release|iPhone.ActiveCfg = Release|iPhone
		{AC0910C4-0E00-4B76-9863-3091CF411DFA}.Release|iPhone.Build.0 = Release|iPhone
		{AC0910C4-0E00-4B76-9863-3091CF411DFA}.Release|iPhone.Deploy.0 = Release|iPhone
		{AC0910C4-0E00-4B76-9863-3091CF411DFA}.Release|iPhoneSimulator.ActiveCfg = Release|iPhoneSimulator
		{AC0910C4-0E00-4B76-9863-3091CF411DFA}.Release|iPhoneSimulator.Build.0 = Release|iPhoneSimulator
		{AC0910C4-0E00-4B76-9863-3091CF411DFA}.Release|iPhoneSimulator.Deploy.0 = Release|iPhoneSimulator
		{AC0910C4-0E00-4B76-9863-3091CF411DFA}.Release|x64.ActiveCfg = Release|iPhone
		{AC0910C4-0E00-4B76-9863-3091CF411DFA}.Release|x64.Build.0 = Release|iPhone
		{AC0910C4-0E00-4B76-9863-3091CF411DFA}.Release|x64.Deploy.0 = Release|iPhone
		{AC0910C4-0E00-4B76-9863-3091CF411DFA}.Release|x86.ActiveCfg = Release|iPhone
		{AC0910C4-0E00-4B76-9863-3091CF411DFA}.Release|x86.Build.0 = Release|iPhone
		{AC0910C4-0E00-4B76-9863-3091CF411DFA}.Release|x86.Deploy.0 = Release|iPhone
		{58E6D440-156C-4AA3-9DC4-A06A9732ACCE}.Debug|Any CPU.ActiveCfg = Debug|Any CPU
		{58E6D440-156C-4AA3-9DC4-A06A9732ACCE}.Debug|Any CPU.Build.0 = Debug|Any CPU
		{58E6D440-156C-4AA3-9DC4-A06A9732ACCE}.Debug|Any CPU.Deploy.0 = Debug|Any CPU
		{58E6D440-156C-4AA3-9DC4-A06A9732ACCE}.Debug|ARM.ActiveCfg = Debug|Any CPU
		{58E6D440-156C-4AA3-9DC4-A06A9732ACCE}.Debug|ARM.Build.0 = Debug|Any CPU
		{58E6D440-156C-4AA3-9DC4-A06A9732ACCE}.Debug|ARM.Deploy.0 = Debug|Any CPU
		{58E6D440-156C-4AA3-9DC4-A06A9732ACCE}.Debug|iPhone.ActiveCfg = Debug|Any CPU
		{58E6D440-156C-4AA3-9DC4-A06A9732ACCE}.Debug|iPhone.Build.0 = Debug|Any CPU
		{58E6D440-156C-4AA3-9DC4-A06A9732ACCE}.Debug|iPhone.Deploy.0 = Debug|Any CPU
		{58E6D440-156C-4AA3-9DC4-A06A9732ACCE}.Debug|iPhoneSimulator.ActiveCfg = Debug|Any CPU
		{58E6D440-156C-4AA3-9DC4-A06A9732ACCE}.Debug|iPhoneSimulator.Build.0 = Debug|Any CPU
		{58E6D440-156C-4AA3-9DC4-A06A9732ACCE}.Debug|iPhoneSimulator.Deploy.0 = Debug|Any CPU
		{58E6D440-156C-4AA3-9DC4-A06A9732ACCE}.Debug|x64.ActiveCfg = Debug|Any CPU
		{58E6D440-156C-4AA3-9DC4-A06A9732ACCE}.Debug|x64.Build.0 = Debug|Any CPU
		{58E6D440-156C-4AA3-9DC4-A06A9732ACCE}.Debug|x64.Deploy.0 = Debug|Any CPU
		{58E6D440-156C-4AA3-9DC4-A06A9732ACCE}.Debug|x86.ActiveCfg = Debug|Any CPU
		{58E6D440-156C-4AA3-9DC4-A06A9732ACCE}.Debug|x86.Build.0 = Debug|Any CPU
		{58E6D440-156C-4AA3-9DC4-A06A9732ACCE}.Debug|x86.Deploy.0 = Debug|Any CPU
		{58E6D440-156C-4AA3-9DC4-A06A9732ACCE}.Release|Any CPU.ActiveCfg = Release|Any CPU
		{58E6D440-156C-4AA3-9DC4-A06A9732ACCE}.Release|Any CPU.Build.0 = Release|Any CPU
		{58E6D440-156C-4AA3-9DC4-A06A9732ACCE}.Release|Any CPU.Deploy.0 = Release|Any CPU
		{58E6D440-156C-4AA3-9DC4-A06A9732ACCE}.Release|ARM.ActiveCfg = Release|Any CPU
		{58E6D440-156C-4AA3-9DC4-A06A9732ACCE}.Release|ARM.Build.0 = Release|Any CPU
		{58E6D440-156C-4AA3-9DC4-A06A9732ACCE}.Release|ARM.Deploy.0 = Release|Any CPU
		{58E6D440-156C-4AA3-9DC4-A06A9732ACCE}.Release|iPhone.ActiveCfg = Release|Any CPU
		{58E6D440-156C-4AA3-9DC4-A06A9732ACCE}.Release|iPhone.Build.0 = Release|Any CPU
		{58E6D440-156C-4AA3-9DC4-A06A9732ACCE}.Release|iPhone.Deploy.0 = Release|Any CPU
		{58E6D440-156C-4AA3-9DC4-A06A9732ACCE}.Release|iPhoneSimulator.ActiveCfg = Release|Any CPU
		{58E6D440-156C-4AA3-9DC4-A06A9732ACCE}.Release|iPhoneSimulator.Build.0 = Release|Any CPU
		{58E6D440-156C-4AA3-9DC4-A06A9732ACCE}.Release|iPhoneSimulator.Deploy.0 = Release|Any CPU
		{58E6D440-156C-4AA3-9DC4-A06A9732ACCE}.Release|x64.ActiveCfg = Release|Any CPU
		{58E6D440-156C-4AA3-9DC4-A06A9732ACCE}.Release|x64.Build.0 = Release|Any CPU
		{58E6D440-156C-4AA3-9DC4-A06A9732ACCE}.Release|x64.Deploy.0 = Release|Any CPU
		{58E6D440-156C-4AA3-9DC4-A06A9732ACCE}.Release|x86.ActiveCfg = Release|Any CPU
		{58E6D440-156C-4AA3-9DC4-A06A9732ACCE}.Release|x86.Build.0 = Release|Any CPU
		{58E6D440-156C-4AA3-9DC4-A06A9732ACCE}.Release|x86.Deploy.0 = Release|Any CPU
	EndGlobalSection
	GlobalSection(SolutionProperties) = preSolution
		HideSolutionNode = FALSE
	EndGlobalSection
	GlobalSection(ExtensibilityGlobals) = postSolution
		SolutionGuid = {FEEEDCF1-1B86-48BA-A1FB-DC8223341EFC}
	EndGlobalSection
EndGlobal
